
Microsoft Visual Studio Solution File, Format Version 12.00
# Visual Studio Version 17
VisualStudioVersion = 17.8.34330.188
MinimumVisualStudioVersion = 10.0.40219.1
Project("{FAE04EC0-301F-11D3-BF4B-00C04F79EFBC}") = "00. CSharp-Programming", "00. CSharp-Programming\00. CSharp-Programming.csproj", "{6983DF46-F9B7-42E1-9A69-9B0F2B530783}"
EndProject
Project("{9A19103F-16F7-4668-BE54-9A1E7A4F7556}") = "00. Programing", "..\00. Programing\00. Programing.csproj", "{6ED9CF1A-974E-4D98-ACDF-AC3F3CC53285}"
EndProject
Project("{9A19103F-16F7-4668-BE54-9A1E7A4F7556}") = "01. Variable", "..\01. Variable\01. Variable.csproj", "{1CA6175F-8F0E-4E23-B77F-B0AD68793F47}"
EndProject
Project("{9A19103F-16F7-4668-BE54-9A1E7A4F7556}") = "02. Operator", "..\02. Operator\02. Operator.csproj", "{586EC0DD-DD30-4213-98EC-857822C4DBC1}"
EndProject
Project("{9A19103F-16F7-4668-BE54-9A1E7A4F7556}") = "03. Conditional", "..\03. Conditional\03. Conditional.csproj", "{77BB4240-0D42-4762-9C02-A3692DDB004D}"
EndProject
Project("{9A19103F-16F7-4668-BE54-9A1E7A4F7556}") = "04. Loop", "..\04. Loop\04. Loop.csproj", "{751DD07F-8B09-40DF-B29A-0F50C3AEFE1E}"
EndProject
Project("{9A19103F-16F7-4668-BE54-9A1E7A4F7556}") = "05. Function", "..\05. Function\05. Function.csproj", "{376E14C9-9605-443D-A761-86B51F377004}"
EndProject
Project("{9A19103F-16F7-4668-BE54-9A1E7A4F7556}") = "06. UserDefineType", "..\06. UserDefineType\06. UserDefineType.csproj", "{20A51FDB-FD3C-4251-A92A-99EA9B53C926}"
EndProject
Project("{9A19103F-16F7-4668-BE54-9A1E7A4F7556}") = "07. Class", "..\07. Class\07. Class.csproj", "{A93F0905-201B-40E9-AD37-A59239A4687D}"
EndProject
Project("{9A19103F-16F7-4668-BE54-9A1E7A4F7556}") = "08. Memory", "..\08. Memory\08. Memory.csproj", "{5E4289C8-DD98-40C5-A11A-659734305372}"
EndProject
Project("{9A19103F-16F7-4668-BE54-9A1E7A4F7556}") = "09. OOP", "..\09. OOP\09. OOP.csproj", "{12D8FA7E-3986-4484-8745-066B05FA11EA}"
EndProject
Project("{9A19103F-16F7-4668-BE54-9A1E7A4F7556}") = "10. Interface", "..\10. Interface\10. Interface.csproj", "{3A3607EB-ED9A-4805-8953-C1A914E4E77B}"
EndProject
Project("{9A19103F-16F7-4668-BE54-9A1E7A4F7556}") = "11. Exception", "..\11. Exception\11. Exception.csproj", "{7A78FE9B-20F6-4573-8DD1-6E5F96C52F82}"
EndProject
Project("{9A19103F-16F7-4668-BE54-9A1E7A4F7556}") = "12. Generic", "..\12. Generic\12. Generic.csproj", "{DB07AB8F-8A2C-45DE-8EA0-8BC2A0C7A895}"
EndProject
Project("{9A19103F-16F7-4668-BE54-9A1E7A4F7556}") = "13, Delegate", "..\13. Delegate\13, Delegate.csproj", "{5DA5AABF-E43D-4EED-B904-525BBBEE8F48}"
EndProject
Project("{9A19103F-16F7-4668-BE54-9A1E7A4F7556}") = "14. Event", "..\14. Event\14. Event.csproj", "{F5B11BF2-C1FC-4D97-BED1-D15D7C36F878}"
EndProject
Project("{9A19103F-16F7-4668-BE54-9A1E7A4F7556}") = "15. Additional", "..\15. Additional\15. Additional.csproj", "{2A63C867-3F88-4BF5-B859-60FE5274854B}"
EndProject
Global
	GlobalSection(SolutionConfigurationPlatforms) = preSolution
		Debug|Any CPU = Debug|Any CPU
		Release|Any CPU = Release|Any CPU
	EndGlobalSection
	GlobalSection(ProjectConfigurationPlatforms) = postSolution
		{6983DF46-F9B7-42E1-9A69-9B0F2B530783}.Debug|Any CPU.ActiveCfg = Debug|Any CPU
		{6983DF46-F9B7-42E1-9A69-9B0F2B530783}.Debug|Any CPU.Build.0 = Debug|Any CPU
		{6983DF46-F9B7-42E1-9A69-9B0F2B530783}.Release|Any CPU.ActiveCfg = Release|Any CPU
		{6983DF46-F9B7-42E1-9A69-9B0F2B530783}.Release|Any CPU.Build.0 = Release|Any CPU
		{6ED9CF1A-974E-4D98-ACDF-AC3F3CC53285}.Debug|Any CPU.ActiveCfg = Debug|Any CPU
		{6ED9CF1A-974E-4D98-ACDF-AC3F3CC53285}.Debug|Any CPU.Build.0 = Debug|Any CPU
		{6ED9CF1A-974E-4D98-ACDF-AC3F3CC53285}.Release|Any CPU.ActiveCfg = Release|Any CPU
		{6ED9CF1A-974E-4D98-ACDF-AC3F3CC53285}.Release|Any CPU.Build.0 = Release|Any CPU
		{1CA6175F-8F0E-4E23-B77F-B0AD68793F47}.Debug|Any CPU.ActiveCfg = Debug|Any CPU
		{1CA6175F-8F0E-4E23-B77F-B0AD68793F47}.Debug|Any CPU.Build.0 = Debug|Any CPU
		{1CA6175F-8F0E-4E23-B77F-B0AD68793F47}.Release|Any CPU.ActiveCfg = Release|Any CPU
		{1CA6175F-8F0E-4E23-B77F-B0AD68793F47}.Release|Any CPU.Build.0 = Release|Any CPU
		{586EC0DD-DD30-4213-98EC-857822C4DBC1}.Debug|Any CPU.ActiveCfg = Debug|Any CPU
		{586EC0DD-DD30-4213-98EC-857822C4DBC1}.Debug|Any CPU.Build.0 = Debug|Any CPU
		{586EC0DD-DD30-4213-98EC-857822C4DBC1}.Release|Any CPU.ActiveCfg = Release|Any CPU
		{586EC0DD-DD30-4213-98EC-857822C4DBC1}.Release|Any CPU.Build.0 = Release|Any CPU
		{77BB4240-0D42-4762-9C02-A3692DDB004D}.Debug|Any CPU.ActiveCfg = Debug|Any CPU
		{77BB4240-0D42-4762-9C02-A3692DDB004D}.Debug|Any CPU.Build.0 = Debug|Any CPU
		{77BB4240-0D42-4762-9C02-A3692DDB004D}.Release|Any CPU.ActiveCfg = Release|Any CPU
		{77BB4240-0D42-4762-9C02-A3692DDB004D}.Release|Any CPU.Build.0 = Release|Any CPU
		{751DD07F-8B09-40DF-B29A-0F50C3AEFE1E}.Debug|Any CPU.ActiveCfg = Debug|Any CPU
		{751DD07F-8B09-40DF-B29A-0F50C3AEFE1E}.Debug|Any CPU.Build.0 = Debug|Any CPU
		{751DD07F-8B09-40DF-B29A-0F50C3AEFE1E}.Release|Any CPU.ActiveCfg = Release|Any CPU
		{751DD07F-8B09-40DF-B29A-0F50C3AEFE1E}.Release|Any CPU.Build.0 = Release|Any CPU
		{376E14C9-9605-443D-A761-86B51F377004}.Debug|Any CPU.ActiveCfg = Debug|Any CPU
		{376E14C9-9605-443D-A761-86B51F377004}.Debug|Any CPU.Build.0 = Debug|Any CPU
		{376E14C9-9605-443D-A761-86B51F377004}.Release|Any CPU.ActiveCfg = Release|Any CPU
		{376E14C9-9605-443D-A761-86B51F377004}.Release|Any CPU.Build.0 = Release|Any CPU
		{20A51FDB-FD3C-4251-A92A-99EA9B53C926}.Debug|Any CPU.ActiveCfg = Debug|Any CPU
		{20A51FDB-FD3C-4251-A92A-99EA9B53C926}.Debug|Any CPU.Build.0 = Debug|Any CPU
		{20A51FDB-FD3C-4251-A92A-99EA9B53C926}.Release|Any CPU.ActiveCfg = Release|Any CPU
		{20A51FDB-FD3C-4251-A92A-99EA9B53C926}.Release|Any CPU.Build.0 = Release|Any CPU
		{A93F0905-201B-40E9-AD37-A59239A4687D}.Debug|Any CPU.ActiveCfg = Debug|Any CPU
		{A93F0905-201B-40E9-AD37-A59239A4687D}.Debug|Any CPU.Build.0 = Debug|Any CPU
		{A93F0905-201B-40E9-AD37-A59239A4687D}.Release|Any CPU.ActiveCfg = Release|Any CPU
		{A93F0905-201B-40E9-AD37-A59239A4687D}.Release|Any CPU.Build.0 = Release|Any CPU
		{5E4289C8-DD98-40C5-A11A-659734305372}.Debug|Any CPU.ActiveCfg = Debug|Any CPU
		{5E4289C8-DD98-40C5-A11A-659734305372}.Debug|Any CPU.Build.0 = Debug|Any CPU
		{5E4289C8-DD98-40C5-A11A-659734305372}.Release|Any CPU.ActiveCfg = Release|Any CPU
		{5E4289C8-DD98-40C5-A11A-659734305372}.Release|Any CPU.Build.0 = Release|Any CPU
		{12D8FA7E-3986-4484-8745-066B05FA11EA}.Debug|Any CPU.ActiveCfg = Debug|Any CPU
		{12D8FA7E-3986-4484-8745-066B05FA11EA}.Debug|Any CPU.Build.0 = Debug|Any CPU
		{12D8FA7E-3986-4484-8745-066B05FA11EA}.Release|Any CPU.ActiveCfg = Release|Any CPU
		{12D8FA7E-3986-4484-8745-066B05FA11EA}.Release|Any CPU.Build.0 = Release|Any CPU
		{3A3607EB-ED9A-4805-8953-C1A914E4E77B}.Debug|Any CPU.ActiveCfg = Debug|Any CPU
		{3A3607EB-ED9A-4805-8953-C1A914E4E77B}.Debug|Any CPU.Build.0 = Debug|Any CPU
		{3A3607EB-ED9A-4805-8953-C1A914E4E77B}.Release|Any CPU.ActiveCfg = Release|Any CPU
		{3A3607EB-ED9A-4805-8953-C1A914E4E77B}.Release|Any CPU.Build.0 = Release|Any CPU
		{7A78FE9B-20F6-4573-8DD1-6E5F96C52F82}.Debug|Any CPU.ActiveCfg = Debug|Any CPU
		{7A78FE9B-20F6-4573-8DD1-6E5F96C52F82}.Debug|Any CPU.Build.0 = Debug|Any CPU
		{7A78FE9B-20F6-4573-8DD1-6E5F96C52F82}.Release|Any CPU.ActiveCfg = Release|Any CPU
		{7A78FE9B-20F6-4573-8DD1-6E5F96C52F82}.Release|Any CPU.Build.0 = Release|Any CPU
		{DB07AB8F-8A2C-45DE-8EA0-8BC2A0C7A895}.Debug|Any CPU.ActiveCfg = Debug|Any CPU
		{DB07AB8F-8A2C-45DE-8EA0-8BC2A0C7A895}.Debug|Any CPU.Build.0 = Debug|Any CPU
		{DB07AB8F-8A2C-45DE-8EA0-8BC2A0C7A895}.Release|Any CPU.ActiveCfg = Release|Any CPU
		{DB07AB8F-8A2C-45DE-8EA0-8BC2A0C7A895}.Release|Any CPU.Build.0 = Release|Any CPU
		{5DA5AABF-E43D-4EED-B904-525BBBEE8F48}.Debug|Any CPU.ActiveCfg = Debug|Any CPU
		{5DA5AABF-E43D-4EED-B904-525BBBEE8F48}.Debug|Any CPU.Build.0 = Debug|Any CPU
		{5DA5AABF-E43D-4EED-B904-525BBBEE8F48}.Release|Any CPU.ActiveCfg = Release|Any CPU
		{5DA5AABF-E43D-4EED-B904-525BBBEE8F48}.Release|Any CPU.Build.0 = Release|Any CPU
		{F5B11BF2-C1FC-4D97-BED1-D15D7C36F878}.Debug|Any CPU.ActiveCfg = Debug|Any CPU
		{F5B11BF2-C1FC-4D97-BED1-D15D7C36F878}.Debug|Any CPU.Build.0 = Debug|Any CPU
		{F5B11BF2-C1FC-4D97-BED1-D15D7C36F878}.Release|Any CPU.ActiveCfg = Release|Any CPU
		{F5B11BF2-C1FC-4D97-BED1-D15D7C36F878}.Release|Any CPU.Build.0 = Release|Any CPU
		{2A63C867-3F88-4BF5-B859-60FE5274854B}.Debug|Any CPU.ActiveCfg = Debug|Any CPU
		{2A63C867-3F88-4BF5-B859-60FE5274854B}.Debug|Any CPU.Build.0 = Debug|Any CPU
		{2A63C867-3F88-4BF5-B859-60FE5274854B}.Release|Any CPU.ActiveCfg = Release|Any CPU
		{2A63C867-3F88-4BF5-B859-60FE5274854B}.Release|Any CPU.Build.0 = Release|Any CPU
	EndGlobalSection
	GlobalSection(SolutionProperties) = preSolution
		HideSolutionNode = FALSE
	EndGlobalSection
	GlobalSection(ExtensibilityGlobals) = postSolution
		SolutionGuid = {5EA9449C-FF64-4885-B0F1-296A0ABE1C57}
	EndGlobalSection
EndGlobal
